// !$*UTF8*$!
{
	archiveVersion = 1;
	classes = {
	};
	objectVersion = 46;
	objects = {

/* Begin PBXBuildFile section */
		343EF13E1C97C989002F3955 /* VVTextResult.m in Sources */ = {isa = PBXBuildFile; fileRef = 343EF13D1C97C989002F3955 /* VVTextResult.m */; };
		343EF1411C97C9C6002F3955 /* NSString+VVTextGetter.m in Sources */ = {isa = PBXBuildFile; fileRef = 343EF1401C97C9C6002F3955 /* NSString+VVTextGetter.m */; };
		343EF1441C97C9CD002F3955 /* NSString+VVSyntax.m in Sources */ = {isa = PBXBuildFile; fileRef = 343EF1431C97C9CD002F3955 /* NSString+VVSyntax.m */; };
		343EF1471C97C9D4002F3955 /* NSString+PDRegex.m in Sources */ = {isa = PBXBuildFile; fileRef = 343EF1461C97C9D4002F3955 /* NSString+PDRegex.m */; };
		34A893651C96E450006FDC6D /* NSTextView+VVTextGetter.m in Sources */ = {isa = PBXBuildFile; fileRef = 34A893641C96E450006FDC6D /* NSTextView+VVTextGetter.m */; };
		34A893681C96E53A006FDC6D /* VVDocumentsEnter.m in Sources */ = {isa = PBXBuildFile; fileRef = 34A893671C96E53A006FDC6D /* VVDocumentsEnter.m */; };
		962099111C8E95E2009847E3 /* AppKit.framework in Frameworks */ = {isa = PBXBuildFile; fileRef = 962099101C8E95E2009847E3 /* AppKit.framework */; };
		962099131C8E95E2009847E3 /* Foundation.framework in Frameworks */ = {isa = PBXBuildFile; fileRef = 962099121C8E95E2009847E3 /* Foundation.framework */; };
		9620991A1C8E95E2009847E3 /* WQVVDocuments.m in Sources */ = {isa = PBXBuildFile; fileRef = 962099191C8E95E2009847E3 /* WQVVDocuments.m */; };
		9620991D1C8E95E2009847E3 /* NSObject_Extension.m in Sources */ = {isa = PBXBuildFile; fileRef = 9620991C1C8E95E2009847E3 /* NSObject_Extension.m */; };
		C2159C461C969A0F00A39F10 /* NSString+com.m in Sources */ = {isa = PBXBuildFile; fileRef = C2159C441C969A0F00A39F10 /* NSString+com.m */; };
		C2159C491C969A5B00A39F10 /* WQModelVC.m in Sources */ = {isa = PBXBuildFile; fileRef = C2159C481C969A5B00A39F10 /* WQModelVC.m */; };
		C2159C4B1C969D6E00A39F10 /* WQModelVC.xib in Resources */ = {isa = PBXBuildFile; fileRef = C2159C4A1C969D6E00A39F10 /* WQModelVC.xib */; };
		C2159C4E1C96A38100A39F10 /* DragTextView.m in Sources */ = {isa = PBXBuildFile; fileRef = C2159C4D1C96A38100A39F10 /* DragTextView.m */; };
		C2798EE31C96E9460092A55D /* VVProject.m in Sources */ = {isa = PBXBuildFile; fileRef = C2798EE01C96E9460092A55D /* VVProject.m */; };
		C2798EE41C96E9460092A55D /* VVWorkspaceManager.m in Sources */ = {isa = PBXBuildFile; fileRef = C2798EE21C96E9460092A55D /* VVWorkspaceManager.m */; };
/* End PBXBuildFile section */

/* Begin PBXFileReference section */
		342E983C1C981AA200199BBC /* WQVVDocuments-Prefix.pch */ = {isa = PBXFileReference; lastKnownFileType = sourcecode.c.h; path = "WQVVDocuments-Prefix.pch"; sourceTree = "<group>"; };
		343EF13C1C97C989002F3955 /* VVTextResult.h */ = {isa = PBXFileReference; fileEncoding = 4; lastKnownFileType = sourcecode.c.h; path = VVTextResult.h; sourceTree = "<group>"; };
		343EF13D1C97C989002F3955 /* VVTextResult.m */ = {isa = PBXFileReference; fileEncoding = 4; lastKnownFileType = sourcecode.c.objc; path = VVTextResult.m; sourceTree = "<group>"; };
		343EF13F1C97C9C6002F3955 /* NSString+VVTextGetter.h */ = {isa = PBXFileReference; fileEncoding = 4; lastKnownFileType = sourcecode.c.h; path = "NSString+VVTextGetter.h"; sourceTree = "<group>"; };
		343EF1401C97C9C6002F3955 /* NSString+VVTextGetter.m */ = {isa = PBXFileReference; fileEncoding = 4; lastKnownFileType = sourcecode.c.objc; path = "NSString+VVTextGetter.m"; sourceTree = "<group>"; };
		343EF1421C97C9CD002F3955 /* NSString+VVSyntax.h */ = {isa = PBXFileReference; fileEncoding = 4; lastKnownFileType = sourcecode.c.h; path = "NSString+VVSyntax.h"; sourceTree = "<group>"; };
		343EF1431C97C9CD002F3955 /* NSString+VVSyntax.m */ = {isa = PBXFileReference; fileEncoding = 4; lastKnownFileType = sourcecode.c.objc; path = "NSString+VVSyntax.m"; sourceTree = "<group>"; };
		343EF1451C97C9D4002F3955 /* NSString+PDRegex.h */ = {isa = PBXFileReference; fileEncoding = 4; lastKnownFileType = sourcecode.c.h; path = "NSString+PDRegex.h"; sourceTree = "<group>"; };
		343EF1461C97C9D4002F3955 /* NSString+PDRegex.m */ = {isa = PBXFileReference; fileEncoding = 4; lastKnownFileType = sourcecode.c.objc; path = "NSString+PDRegex.m"; sourceTree = "<group>"; };
		34A893631C96E450006FDC6D /* NSTextView+VVTextGetter.h */ = {isa = PBXFileReference; fileEncoding = 4; lastKnownFileType = sourcecode.c.h; path = "NSTextView+VVTextGetter.h"; sourceTree = "<group>"; };
		34A893641C96E450006FDC6D /* NSTextView+VVTextGetter.m */ = {isa = PBXFileReference; fileEncoding = 4; lastKnownFileType = sourcecode.c.objc; path = "NSTextView+VVTextGetter.m"; sourceTree = "<group>"; };
		34A893661C96E53A006FDC6D /* VVDocumentsEnter.h */ = {isa = PBXFileReference; fileEncoding = 4; lastKnownFileType = sourcecode.c.h; path = VVDocumentsEnter.h; sourceTree = "<group>"; };
		34A893671C96E53A006FDC6D /* VVDocumentsEnter.m */ = {isa = PBXFileReference; fileEncoding = 4; lastKnownFileType = sourcecode.c.objc; path = VVDocumentsEnter.m; sourceTree = "<group>"; };
		9620990D1C8E95E2009847E3 /* WQVVDocuments.xcplugin */ = {isa = PBXFileReference; explicitFileType = wrapper.cfbundle; includeInIndex = 0; path = WQVVDocuments.xcplugin; sourceTree = BUILT_PRODUCTS_DIR; };
		962099101C8E95E2009847E3 /* AppKit.framework */ = {isa = PBXFileReference; lastKnownFileType = wrapper.framework; name = AppKit.framework; path = /System/Library/Frameworks/AppKit.framework; sourceTree = "<absolute>"; };
		962099121C8E95E2009847E3 /* Foundation.framework */ = {isa = PBXFileReference; lastKnownFileType = wrapper.framework; name = Foundation.framework; path = /System/Library/Frameworks/Foundation.framework; sourceTree = "<absolute>"; };
		962099181C8E95E2009847E3 /* WQVVDocuments.h */ = {isa = PBXFileReference; lastKnownFileType = sourcecode.c.h; path = WQVVDocuments.h; sourceTree = "<group>"; };
		962099191C8E95E2009847E3 /* WQVVDocuments.m */ = {isa = PBXFileReference; lastKnownFileType = sourcecode.c.objc; path = WQVVDocuments.m; sourceTree = "<group>"; };
		9620991B1C8E95E2009847E3 /* NSObject_Extension.h */ = {isa = PBXFileReference; lastKnownFileType = sourcecode.c.h; path = NSObject_Extension.h; sourceTree = "<group>"; };
		9620991C1C8E95E2009847E3 /* NSObject_Extension.m */ = {isa = PBXFileReference; lastKnownFileType = sourcecode.c.objc; path = NSObject_Extension.m; sourceTree = "<group>"; };
		9620991E1C8E95E2009847E3 /* Info.plist */ = {isa = PBXFileReference; lastKnownFileType = text.plist.xml; path = Info.plist; sourceTree = "<group>"; };
		C2159C431C969A0F00A39F10 /* NSString+com.h */ = {isa = PBXFileReference; fileEncoding = 4; lastKnownFileType = sourcecode.c.h; path = "NSString+com.h"; sourceTree = "<group>"; };
		C2159C441C969A0F00A39F10 /* NSString+com.m */ = {isa = PBXFileReference; fileEncoding = 4; lastKnownFileType = sourcecode.c.objc; path = "NSString+com.m"; sourceTree = "<group>"; };
		C2159C471C969A5B00A39F10 /* WQModelVC.h */ = {isa = PBXFileReference; fileEncoding = 4; lastKnownFileType = sourcecode.c.h; path = WQModelVC.h; sourceTree = "<group>"; };
		C2159C481C969A5B00A39F10 /* WQModelVC.m */ = {isa = PBXFileReference; fileEncoding = 4; lastKnownFileType = sourcecode.c.objc; path = WQModelVC.m; sourceTree = "<group>"; };
		C2159C4A1C969D6E00A39F10 /* WQModelVC.xib */ = {isa = PBXFileReference; fileEncoding = 4; lastKnownFileType = file.xib; path = WQModelVC.xib; sourceTree = "<group>"; };
		C2159C4C1C96A38100A39F10 /* DragTextView.h */ = {isa = PBXFileReference; fileEncoding = 4; lastKnownFileType = sourcecode.c.h; path = DragTextView.h; sourceTree = "<group>"; };
		C2159C4D1C96A38100A39F10 /* DragTextView.m */ = {isa = PBXFileReference; fileEncoding = 4; lastKnownFileType = sourcecode.c.objc; path = DragTextView.m; sourceTree = "<group>"; };
		C2798EDD1C96D2130092A55D /* XCFXcodePrivate.h */ = {isa = PBXFileReference; lastKnownFileType = sourcecode.c.h; path = XCFXcodePrivate.h; sourceTree = "<group>"; };
		C2798EDF1C96E9460092A55D /* VVProject.h */ = {isa = PBXFileReference; fileEncoding = 4; lastKnownFileType = sourcecode.c.h; path = VVProject.h; sourceTree = "<group>"; };
		C2798EE01C96E9460092A55D /* VVProject.m */ = {isa = PBXFileReference; fileEncoding = 4; lastKnownFileType = sourcecode.c.objc; path = VVProject.m; sourceTree = "<group>"; };
		C2798EE11C96E9460092A55D /* VVWorkspaceManager.h */ = {isa = PBXFileReference; fileEncoding = 4; lastKnownFileType = sourcecode.c.h; path = VVWorkspaceManager.h; sourceTree = "<group>"; };
		C2798EE21C96E9460092A55D /* VVWorkspaceManager.m */ = {isa = PBXFileReference; fileEncoding = 4; lastKnownFileType = sourcecode.c.objc; path = VVWorkspaceManager.m; sourceTree = "<group>"; };
/* End PBXFileReference section */

/* Begin PBXFrameworksBuildPhase section */
		9620990B1C8E95E2009847E3 /* Frameworks */ = {
			isa = PBXFrameworksBuildPhase;
			buildActionMask = 2147483647;
			files = (
				962099111C8E95E2009847E3 /* AppKit.framework in Frameworks */,
				962099131C8E95E2009847E3 /* Foundation.framework in Frameworks */,
			);
			runOnlyForDeploymentPostprocessing = 0;
		};
/* End PBXFrameworksBuildPhase section */

/* Begin PBXGroup section */
		34A893611C96E3F3006FDC6D /* VVDocuments */ = {
			isa = PBXGroup;
			children = (
				34A893661C96E53A006FDC6D /* VVDocumentsEnter.h */,
				34A893671C96E53A006FDC6D /* VVDocumentsEnter.m */,
				34A893621C96E450006FDC6D /* OCCategory */,
			);
			path = VVDocuments;
			sourceTree = "<group>";
		};
		34A893621C96E450006FDC6D /* OCCategory */ = {
			isa = PBXGroup;
			children = (
				343EF1451C97C9D4002F3955 /* NSString+PDRegex.h */,
				343EF1461C97C9D4002F3955 /* NSString+PDRegex.m */,
				343EF1421C97C9CD002F3955 /* NSString+VVSyntax.h */,
				343EF1431C97C9CD002F3955 /* NSString+VVSyntax.m */,
				343EF13F1C97C9C6002F3955 /* NSString+VVTextGetter.h */,
				343EF1401C97C9C6002F3955 /* NSString+VVTextGetter.m */,
				343EF13C1C97C989002F3955 /* VVTextResult.h */,
				343EF13D1C97C989002F3955 /* VVTextResult.m */,
				34A893631C96E450006FDC6D /* NSTextView+VVTextGetter.h */,
				34A893641C96E450006FDC6D /* NSTextView+VVTextGetter.m */,
			);
			path = OCCategory;
			sourceTree = "<group>";
		};
		962099041C8E95E2009847E3 = {
			isa = PBXGroup;
			children = (
				962099141C8E95E2009847E3 /* WQVVDocuments */,
				9620990F1C8E95E2009847E3 /* Frameworks */,
				9620990E1C8E95E2009847E3 /* Products */,
			);
			sourceTree = "<group>";
		};
		9620990E1C8E95E2009847E3 /* Products */ = {
			isa = PBXGroup;
			children = (
				9620990D1C8E95E2009847E3 /* WQVVDocuments.xcplugin */,
			);
			name = Products;
			sourceTree = "<group>";
		};
		9620990F1C8E95E2009847E3 /* Frameworks */ = {
			isa = PBXGroup;
			children = (
				962099101C8E95E2009847E3 /* AppKit.framework */,
				962099121C8E95E2009847E3 /* Foundation.framework */,
			);
			name = Frameworks;
			sourceTree = "<group>";
		};
		962099141C8E95E2009847E3 /* WQVVDocuments */ = {
			isa = PBXGroup;
			children = (
				34A893611C96E3F3006FDC6D /* VVDocuments */,
				C2798EDE1C96E9460092A55D /* ProjectHelper */,
				C2798EDD1C96D2130092A55D /* XCFXcodePrivate.h */,
				C2159C401C969A0F00A39F10 /* WQModel */,
				962099181C8E95E2009847E3 /* WQVVDocuments.h */,
				962099191C8E95E2009847E3 /* WQVVDocuments.m */,
				9620991B1C8E95E2009847E3 /* NSObject_Extension.h */,
				9620991C1C8E95E2009847E3 /* NSObject_Extension.m */,
				9620991E1C8E95E2009847E3 /* Info.plist */,
				962099151C8E95E2009847E3 /* Supporting Files */,
			);
			path = WQVVDocuments;
			sourceTree = "<group>";
		};
		962099151C8E95E2009847E3 /* Supporting Files */ = {
			isa = PBXGroup;
			children = (
				342E983C1C981AA200199BBC /* WQVVDocuments-Prefix.pch */,
			);
			name = "Supporting Files";
			sourceTree = "<group>";
		};
		C2159C401C969A0F00A39F10 /* WQModel */ = {
			isa = PBXGroup;
			children = (
				C2159C431C969A0F00A39F10 /* NSString+com.h */,
				C2159C441C969A0F00A39F10 /* NSString+com.m */,
				C2159C471C969A5B00A39F10 /* WQModelVC.h */,
				C2159C481C969A5B00A39F10 /* WQModelVC.m */,
				C2159C4A1C969D6E00A39F10 /* WQModelVC.xib */,
				C2159C4C1C96A38100A39F10 /* DragTextView.h */,
				C2159C4D1C96A38100A39F10 /* DragTextView.m */,
			);
			path = WQModel;
			sourceTree = "<group>";
		};
		C2798EDE1C96E9460092A55D /* ProjectHelper */ = {
			isa = PBXGroup;
			children = (
				C2798EDF1C96E9460092A55D /* VVProject.h */,
				C2798EE01C96E9460092A55D /* VVProject.m */,
				C2798EE11C96E9460092A55D /* VVWorkspaceManager.h */,
				C2798EE21C96E9460092A55D /* VVWorkspaceManager.m */,
			);
			path = ProjectHelper;
			sourceTree = "<group>";
		};
/* End PBXGroup section */

/* Begin PBXNativeTarget section */
		9620990C1C8E95E2009847E3 /* WQVVDocuments */ = {
			isa = PBXNativeTarget;
			buildConfigurationList = 962099211C8E95E2009847E3 /* Build configuration list for PBXNativeTarget "WQVVDocuments" */;
			buildPhases = (
				962099091C8E95E2009847E3 /* Sources */,
				9620990A1C8E95E2009847E3 /* Resources */,
				9620990B1C8E95E2009847E3 /* Frameworks */,
			);
			buildRules = (
			);
			dependencies = (
			);
			name = WQVVDocuments;
			productName = WQVVDocuments;
			productReference = 9620990D1C8E95E2009847E3 /* WQVVDocuments.xcplugin */;
			productType = "com.apple.product-type.bundle";
		};
/* End PBXNativeTarget section */

/* Begin PBXProject section */
		962099051C8E95E2009847E3 /* Project object */ = {
			isa = PBXProject;
			attributes = {
				LastUpgradeCheck = 0720;
				ORGANIZATIONNAME = Shanesun;
				TargetAttributes = {
					9620990C1C8E95E2009847E3 = {
						CreatedOnToolsVersion = 7.2;
					};
				};
			};
			buildConfigurationList = 962099081C8E95E2009847E3 /* Build configuration list for PBXProject "WQVVDocuments" */;
			compatibilityVersion = "Xcode 3.2";
			developmentRegion = English;
			hasScannedForEncodings = 0;
			knownRegions = (
				en,
			);
			mainGroup = 962099041C8E95E2009847E3;
			productRefGroup = 9620990E1C8E95E2009847E3 /* Products */;
			projectDirPath = "";
			projectRoot = "";
			targets = (
				9620990C1C8E95E2009847E3 /* WQVVDocuments */,
			);
		};
/* End PBXProject section */

/* Begin PBXResourcesBuildPhase section */
		9620990A1C8E95E2009847E3 /* Resources */ = {
			isa = PBXResourcesBuildPhase;
			buildActionMask = 2147483647;
			files = (
				C2159C4B1C969D6E00A39F10 /* WQModelVC.xib in Resources */,
			);
			runOnlyForDeploymentPostprocessing = 0;
		};
/* End PBXResourcesBuildPhase section */

/* Begin PBXSourcesBuildPhase section */
		962099091C8E95E2009847E3 /* Sources */ = {
			isa = PBXSourcesBuildPhase;
			buildActionMask = 2147483647;
			files = (
				343EF13E1C97C989002F3955 /* VVTextResult.m in Sources */,
				9620991A1C8E95E2009847E3 /* WQVVDocuments.m in Sources */,
				34A893681C96E53A006FDC6D /* VVDocumentsEnter.m in Sources */,
				343EF1441C97C9CD002F3955 /* NSString+VVSyntax.m in Sources */,
				343EF1411C97C9C6002F3955 /* NSString+VVTextGetter.m in Sources */,
				9620991D1C8E95E2009847E3 /* NSObject_Extension.m in Sources */,
				34A893651C96E450006FDC6D /* NSTextView+VVTextGetter.m in Sources */,
				343EF1471C97C9D4002F3955 /* NSString+PDRegex.m in Sources */,
				C2159C4E1C96A38100A39F10 /* DragTextView.m in Sources */,
				C2159C491C969A5B00A39F10 /* WQModelVC.m in Sources */,
				C2159C461C969A0F00A39F10 /* NSString+com.m in Sources */,
				C2798EE31C96E9460092A55D /* VVProject.m in Sources */,
				C2798EE41C96E9460092A55D /* VVWorkspaceManager.m in Sources */,
			);
			runOnlyForDeploymentPostprocessing = 0;
		};
/* End PBXSourcesBuildPhase section */

/* Begin XCBuildConfiguration section */
		9620991F1C8E95E2009847E3 /* Debug */ = {
			isa = XCBuildConfiguration;
			buildSettings = {
				ALWAYS_SEARCH_USER_PATHS = NO;
				CLANG_CXX_LANGUAGE_STANDARD = "gnu++0x";
				CLANG_CXX_LIBRARY = "libc++";
				CLANG_ENABLE_MODULES = YES;
				CLANG_ENABLE_OBJC_ARC = YES;
				CLANG_WARN_BOOL_CONVERSION = YES;
				CLANG_WARN_CONSTANT_CONVERSION = YES;
				CLANG_WARN_DIRECT_OBJC_ISA_USAGE = YES_ERROR;
				CLANG_WARN_EMPTY_BODY = YES;
				CLANG_WARN_ENUM_CONVERSION = YES;
				CLANG_WARN_INT_CONVERSION = YES;
				CLANG_WARN_OBJC_ROOT_CLASS = YES_ERROR;
				CLANG_WARN_UNREACHABLE_CODE = YES;
				CLANG_WARN__DUPLICATE_METHOD_MATCH = YES;
				COPY_PHASE_STRIP = NO;
				DEBUG_INFORMATION_FORMAT = dwarf;
				ENABLE_STRICT_OBJC_MSGSEND = YES;
				ENABLE_TESTABILITY = YES;
				GCC_C_LANGUAGE_STANDARD = gnu99;
				GCC_DYNAMIC_NO_PIC = NO;
				GCC_NO_COMMON_BLOCKS = YES;
				GCC_OPTIMIZATION_LEVEL = 0;
				GCC_PREPROCESSOR_DEFINITIONS = (
					"DEBUG=1",
					"$(inherited)",
				);
				GCC_WARN_64_TO_32_BIT_CONVERSION = YES;
				GCC_WARN_ABOUT_RETURN_TYPE = YES_ERROR;
				GCC_WARN_UNDECLARED_SELECTOR = YES;
				GCC_WARN_UNINITIALIZED_AUTOS = YES_AGGRESSIVE;
				GCC_WARN_UNUSED_FUNCTION = YES;
				GCC_WARN_UNUSED_VARIABLE = YES;
				MTL_ENABLE_DEBUG_INFO = YES;
				ONLY_ACTIVE_ARCH = YES;
			};
			name = Debug;
		};
		962099201C8E95E2009847E3 /* Release */ = {
			isa = XCBuildConfiguration;
			buildSettings = {
				ALWAYS_SEARCH_USER_PATHS = NO;
				CLANG_CXX_LANGUAGE_STANDARD = "gnu++0x";
				CLANG_CXX_LIBRARY = "libc++";
				CLANG_ENABLE_MODULES = YES;
				CLANG_ENABLE_OBJC_ARC = YES;
				CLANG_WARN_BOOL_CONVERSION = YES;
				CLANG_WARN_CONSTANT_CONVERSION = YES;
				CLANG_WARN_DIRECT_OBJC_ISA_USAGE = YES_ERROR;
				CLANG_WARN_EMPTY_BODY = YES;
				CLANG_WARN_ENUM_CONVERSION = YES;
				CLANG_WARN_INT_CONVERSION = YES;
				CLANG_WARN_OBJC_ROOT_CLASS = YES_ERROR;
				CLANG_WARN_UNREACHABLE_CODE = YES;
				CLANG_WARN__DUPLICATE_METHOD_MATCH = YES;
				COPY_PHASE_STRIP = NO;
				DEBUG_INFORMATION_FORMAT = "dwarf-with-dsym";
				ENABLE_NS_ASSERTIONS = NO;
				ENABLE_STRICT_OBJC_MSGSEND = YES;
				GCC_C_LANGUAGE_STANDARD = gnu99;
				GCC_NO_COMMON_BLOCKS = YES;
				GCC_WARN_64_TO_32_BIT_CONVERSION = YES;
				GCC_WARN_ABOUT_RETURN_TYPE = YES_ERROR;
				GCC_WARN_UNDECLARED_SELECTOR = YES;
				GCC_WARN_UNINITIALIZED_AUTOS = YES_AGGRESSIVE;
				GCC_WARN_UNUSED_FUNCTION = YES;
				GCC_WARN_UNUSED_VARIABLE = YES;
				MTL_ENABLE_DEBUG_INFO = NO;
			};
			name = Release;
		};
		962099221C8E95E2009847E3 /* Debug */ = {
			isa = XCBuildConfiguration;
			buildSettings = {
				COMBINE_HIDPI_IMAGES = YES;
				DEPLOYMENT_LOCATION = YES;
				DSTROOT = "$(HOME)";
				GCC_PREFIX_HEADER = "WQVVDocuments/WQVVDocuments-Prefix.pch";
				INFOPLIST_FILE = WQVVDocuments/Info.plist;
				INSTALL_PATH = "/Library/Application Support/Developer/Shared/Xcode/Plug-ins";
				MACOSX_DEPLOYMENT_TARGET = 10.11;
				PRODUCT_BUNDLE_IDENTIFIER = Shanesun.WQVVDocuments;
				PRODUCT_NAME = "$(TARGET_NAME)";
				WRAPPER_EXTENSION = xcplugin;
			};
			name = Debug;
		};
		962099231C8E95E2009847E3 /* Release */ = {
			isa = XCBuildConfiguration;
			buildSettings = {
				COMBINE_HIDPI_IMAGES = YES;
				DEPLOYMENT_LOCATION = YES;
				DSTROOT = "$(HOME)";
				GCC_PREFIX_HEADER = "WQVVDocuments/WQVVDocuments-Prefix.pch";
				INFOPLIST_FILE = WQVVDocuments/Info.plist;
				INSTALL_PATH = "/Library/Application Support/Developer/Shared/Xcode/Plug-ins";
				MACOSX_DEPLOYMENT_TARGET = 10.11;
				PRODUCT_BUNDLE_IDENTIFIER = Shanesun.WQVVDocuments;
				PRODUCT_NAME = "$(TARGET_NAME)";
				WRAPPER_EXTENSION = xcplugin;
			};
			name = Release;
		};
/* End XCBuildConfiguration section */

/* Begin XCConfigurationList section */
		962099081C8E95E2009847E3 /* Build configuration list for PBXProject "WQVVDocuments" */ = {
			isa = XCConfigurationList;
			buildConfigurations = (
				9620991F1C8E95E2009847E3 /* Debug */,
				962099201C8E95E2009847E3 /* Release */,
			);
			defaultConfigurationIsVisible = 0;
			defaultConfigurationName = Release;
		};
		962099211C8E95E2009847E3 /* Build configuration list for PBXNativeTarget "WQVVDocuments" */ = {
			isa = XCConfigurationList;
			buildConfigurations = (
				962099221C8E95E2009847E3 /* Debug */,
				962099231C8E95E2009847E3 /* Release */,
			);
			defaultConfigurationIsVisible = 0;
			defaultConfigurationName = Release;
		};
/* End XCConfigurationList section */
	};
	rootObject = 962099051C8E95E2009847E3 /* Project object */;
}
